// !$*UTF8*$!
{
	archiveVersion = 1;
	classes = {
	};
	objectVersion = 46;
	objects = {

/* Begin PBXBuildFile section */
		546D91371D80EE8B00777F39 /* AppDelegate.swift in Sources */ = {isa = PBXBuildFile; fileRef = 546D91361D80EE8B00777F39 /* AppDelegate.swift */; };
		546D91391D80EE8B00777F39 /* ViewController.swift in Sources */ = {isa = PBXBuildFile; fileRef = 546D91381D80EE8B00777F39 /* ViewController.swift */; };
		546D913C1D80EE8B00777F39 /* Main.storyboard in Resources */ = {isa = PBXBuildFile; fileRef = 546D913A1D80EE8B00777F39 /* Main.storyboard */; };
		546D91411D80EE8B00777F39 /* LaunchScreen.storyboard in Resources */ = {isa = PBXBuildFile; fileRef = 546D913F1D80EE8B00777F39 /* LaunchScreen.storyboard */; };
		546D91491D80F8BD00777F39 /* Media.xcassets in Resources */ = {isa = PBXBuildFile; fileRef = 546D91481D80F8BD00777F39 /* Media.xcassets */; };
		546D914B1D81005A00777F39 /* MapKit.framework in Frameworks */ = {isa = PBXBuildFile; fileRef = 546D914A1D81005A00777F39 /* MapKit.framework */; };
/* End PBXBuildFile section */

/* Begin PBXFileReference section */
		546D91331D80EE8B00777F39 /* UAS Command.app */ = {isa = PBXFileReference; explicitFileType = wrapper.application; includeInIndex = 0; path = "UAS Command.app"; sourceTree = BUILT_PRODUCTS_DIR; };
		546D91361D80EE8B00777F39 /* AppDelegate.swift */ = {isa = PBXFileReference; lastKnownFileType = sourcecode.swift; path = AppDelegate.swift; sourceTree = "<group>"; };
		546D91381D80EE8B00777F39 /* ViewController.swift */ = {isa = PBXFileReference; lastKnownFileType = sourcecode.swift; path = ViewController.swift; sourceTree = "<group>"; };
		546D913B1D80EE8B00777F39 /* Base */ = {isa = PBXFileReference; lastKnownFileType = file.storyboard; name = Base; path = Base.lproj/Main.storyboard; sourceTree = "<group>"; };
		546D91401D80EE8B00777F39 /* Base */ = {isa = PBXFileReference; lastKnownFileType = file.storyboard; name = Base; path = Base.lproj/LaunchScreen.storyboard; sourceTree = "<group>"; };
		546D91421D80EE8B00777F39 /* Info.plist */ = {isa = PBXFileReference; lastKnownFileType = text.plist.xml; path = Info.plist; sourceTree = "<group>"; };
		546D91481D80F8BD00777F39 /* Media.xcassets */ = {isa = PBXFileReference; lastKnownFileType = folder.assetcatalog; name = Media.xcassets; path = "/Users/jamestan/Documents/UAS Command/UAS Command/Media.xcassets"; sourceTree = "<absolute>"; };
		546D914A1D81005A00777F39 /* MapKit.framework */ = {isa = PBXFileReference; lastKnownFileType = wrapper.framework; name = MapKit.framework; path = System/Library/Frameworks/MapKit.framework; sourceTree = SDKROOT; };
/* End PBXFileReference section */

/* Begin PBXFrameworksBuildPhase section */
		546D91301D80EE8B00777F39 /* Frameworks */ = {
			isa = PBXFrameworksBuildPhase;
			buildActionMask = 2147483647;
			files = (
				546D914B1D81005A00777F39 /* MapKit.framework in Frameworks */,
			);
			runOnlyForDeploymentPostprocessing = 0;
		};
/* End PBXFrameworksBuildPhase section */

/* Begin PBXGroup section */
		546D912A1D80EE8B00777F39 = {
			isa = PBXGroup;
			children = (
				546D914A1D81005A00777F39 /* MapKit.framework */,
				546D91481D80F8BD00777F39 /* Media.xcassets */,
				546D91351D80EE8B00777F39 /* UAS Command */,
				546D91341D80EE8B00777F39 /* Products */,
			);
			sourceTree = "<group>";
		};
		546D91341D80EE8B00777F39 /* Products */ = {
			isa = PBXGroup;
			children = (
				546D91331D80EE8B00777F39 /* UAS Command.app */,
			);
			name = Products;
			sourceTree = "<group>";
		};
		546D91351D80EE8B00777F39 /* UAS Command */ = {
			isa = PBXGroup;
			children = (
				546D91361D80EE8B00777F39 /* AppDelegate.swift */,
				546D91381D80EE8B00777F39 /* ViewController.swift */,
				546D913A1D80EE8B00777F39 /* Main.storyboard */,
				546D913F1D80EE8B00777F39 /* LaunchScreen.storyboard */,
				546D91421D80EE8B00777F39 /* Info.plist */,
			);
			path = "UAS Command";
			sourceTree = "<group>";
		};
/* End PBXGroup section */

/* Begin PBXNativeTarget section */
		546D91321D80EE8B00777F39 /* UAS Command */ = {
			isa = PBXNativeTarget;
			buildConfigurationList = 546D91451D80EE8B00777F39 /* Build configuration list for PBXNativeTarget "UAS Command" */;
			buildPhases = (
				546D912F1D80EE8B00777F39 /* Sources */,
				546D91301D80EE8B00777F39 /* Frameworks */,
				546D91311D80EE8B00777F39 /* Resources */,
			);
			buildRules = (
			);
			dependencies = (
			);
			name = "UAS Command";
			productName = "UAS Command";
			productReference = 546D91331D80EE8B00777F39 /* UAS Command.app */;
			productType = "com.apple.product-type.application";
		};
/* End PBXNativeTarget section */

/* Begin PBXProject section */
		546D912B1D80EE8B00777F39 /* Project object */ = {
			isa = PBXProject;
			attributes = {
				KnownAssetTags = (
					New,
				);
				LastSwiftUpdateCheck = 0730;
				LastUpgradeCheck = 0730;
				ORGANIZATIONNAME = Govtech;
				TargetAttributes = {
					546D91321D80EE8B00777F39 = {
						CreatedOnToolsVersion = 7.3.1;
						SystemCapabilities = {
							com.apple.Maps.iOS = {
								enabled = 1;
							};
						};
					};
				};
			};
			buildConfigurationList = 546D912E1D80EE8B00777F39 /* Build configuration list for PBXProject "UAS Command" */;
			compatibilityVersion = "Xcode 3.2";
			developmentRegion = English;
			hasScannedForEncodings = 0;
			knownRegions = (
				en,
				Base,
			);
			mainGroup = 546D912A1D80EE8B00777F39;
			productRefGroup = 546D91341D80EE8B00777F39 /* Products */;
			projectDirPath = "";
			projectRoot = "";
			targets = (
				546D91321D80EE8B00777F39 /* UAS Command */,
			);
		};
/* End PBXProject section */

/* Begin PBXResourcesBuildPhase section */
		546D91311D80EE8B00777F39 /* Resources */ = {
			isa = PBXResourcesBuildPhase;
			buildActionMask = 2147483647;
			files = (
				546D91411D80EE8B00777F39 /* LaunchScreen.storyboard in Resources */,
				546D91491D80F8BD00777F39 /* Media.xcassets in Resources */,
				546D913C1D80EE8B00777F39 /* Main.storyboard in Resources */,
			);
			runOnlyForDeploymentPostprocessing = 0;
		};
/* End PBXResourcesBuildPhase section */

/* Begin PBXSourcesBuildPhase section */
		546D912F1D80EE8B00777F39 /* Sources */ = {
			isa = PBXSourcesBuildPhase;
			buildActionMask = 2147483647;
			files = (
				546D91391D80EE8B00777F39 /* ViewController.swift in Sources */,
				546D91371D80EE8B00777F39 /* AppDelegate.swift in Sources */,
			);
			runOnlyForDeploymentPostprocessing = 0;
		};
/* End PBXSourcesBuildPhase section */

/* Begin PBXVariantGroup section */
		546D913A1D80EE8B00777F39 /* Main.storyboard */ = {
			isa = PBXVariantGroup;
			children = (
				546D913B1D80EE8B00777F39 /* Base */,
			);
			name = Main.storyboard;
			sourceTree = "<group>";
		};
		546D913F1D80EE8B00777F39 /* LaunchScreen.storyboard */ = {
			isa = PBXVariantGroup;
			children = (
				546D91401D80EE8B00777F39 /* Base */,
			);
			name = LaunchScreen.storyboard;
			sourceTree = "<group>";
		};
/* End PBXVariantGroup section */

/* Begin XCBuildConfiguration section */
		546D91431D80EE8B00777F39 /* Debug */ = {
			isa = XCBuildConfiguration;
			buildSettings = {
				ALWAYS_SEARCH_USER_PATHS = NO;
				CLANG_ANALYZER_NONNULL = YES;
				CLANG_CXX_LANGUAGE_STANDARD = "gnu++0x";
				CLANG_CXX_LIBRARY = "libc++";
				CLANG_ENABLE_MODULES = YES;
				CLANG_ENABLE_OBJC_ARC = YES;
				CLANG_WARN_BOOL_CONVERSION = YES;
				CLANG_WARN_CONSTANT_CONVERSION = YES;
				CLANG_WARN_DIRECT_OBJC_ISA_USAGE = YES_ERROR;
				CLANG_WARN_EMPTY_BODY = YES;
				CLANG_WARN_ENUM_CONVERSION = YES;
				CLANG_WARN_INT_CONVERSION = YES;
				CLANG_WARN_OBJC_ROOT_CLASS = YES_ERROR;
				CLANG_WARN_UNREACHABLE_CODE = YES;
				CLANG_WARN__DUPLICATE_METHOD_MATCH = YES;
				"CODE_SIGN_IDENTITY[sdk=iphoneos*]" = "iPhone Developer";
				COPY_PHASE_STRIP = NO;
				DEBUG_INFORMATION_FORMAT = dwarf;
				ENABLE_STRICT_OBJC_MSGSEND = YES;
				ENABLE_TESTABILITY = YES;
				GCC_C_LANGUAGE_STANDARD = gnu99;
				GCC_DYNAMIC_NO_PIC = NO;
				GCC_NO_COMMON_BLOCKS = YES;
				GCC_OPTIMIZATION_LEVEL = 0;
				GCC_PREPROCESSOR_DEFINITIONS = (
					"DEBUG=1",
					"$(inherited)",
				);
				GCC_WARN_64_TO_32_BIT_CONVERSION = YES;
				GCC_WARN_ABOUT_RETURN_TYPE = YES_ERROR;
				GCC_WARN_UNDECLARED_SELECTOR = YES;
				GCC_WARN_UNINITIALIZED_AUTOS = YES_AGGRESSIVE;
				GCC_WARN_UNUSED_FUNCTION = YES;
				GCC_WARN_UNUSED_VARIABLE = YES;
				IPHONEOS_DEPLOYMENT_TARGET = 9.3;
				MTL_ENABLE_DEBUG_INFO = YES;
				ONLY_ACTIVE_ARCH = YES;
				SDKROOT = iphoneos;
				SWIFT_OPTIMIZATION_LEVEL = "-Onone";
			};
			name = Debug;
		};
		546D91441D80EE8B00777F39 /* Release */ = {
			isa = XCBuildConfiguration;
			buildSettings = {
				ALWAYS_SEARCH_USER_PATHS = NO;
				CLANG_ANALYZER_NONNULL = YES;
				CLANG_CXX_LANGUAGE_STANDARD = "gnu++0x";
				CLANG_CXX_LIBRARY = "libc++";
				CLANG_ENABLE_MODULES = YES;
				CLANG_ENABLE_OBJC_ARC = YES;
				CLANG_WARN_BOOL_CONVERSION = YES;
				CLANG_WARN_CONSTANT_CONVERSION = YES;
				CLANG_WARN_DIRECT_OBJC_ISA_USAGE = YES_ERROR;
				CLANG_WARN_EMPTY_BODY = YES;
				CLANG_WARN_ENUM_CONVERSION = YES;
				CLANG_WARN_INT_CONVERSION = YES;
				CLANG_WARN_OBJC_ROOT_CLASS = YES_ERROR;
				CLANG_WARN_UNREACHABLE_CODE = YES;
				CLANG_WARN__DUPLICATE_METHOD_MATCH = YES;
				"CODE_SIGN_IDENTITY[sdk=iphoneos*]" = "iPhone Developer";
				COPY_PHASE_STRIP = NO;
				DEBUG_INFORMATION_FORMAT = "dwarf-with-dsym";
				ENABLE_NS_ASSERTIONS = NO;
				ENABLE_STRICT_OBJC_MSGSEND = YES;
				GCC_C_LANGUAGE_STANDARD = gnu99;
				GCC_NO_COMMON_BLOCKS = YES;
				GCC_WARN_64_TO_32_BIT_CONVERSION = YES;
				GCC_WARN_ABOUT_RETURN_TYPE = YES_ERROR;
				GCC_WARN_UNDECLARED_SELECTOR = YES;
				GCC_WARN_UNINITIALIZED_AUTOS = YES_AGGRESSIVE;
				GCC_WARN_UNUSED_FUNCTION = YES;
				GCC_WARN_UNUSED_VARIABLE = YES;
				IPHONEOS_DEPLOYMENT_TARGET = 9.3;
				MTL_ENABLE_DEBUG_INFO = NO;
				SDKROOT = iphoneos;
				VALIDATE_PRODUCT = YES;
			};
			name = Release;
		};
		546D91461D80EE8B00777F39 /* Debug */ = {
			isa = XCBuildConfiguration;
			buildSettings = {
				ASSETCATALOG_COMPILER_APPICON_NAME = AppIcon;
				INFOPLIST_FILE = "UAS Command/Info.plist";
				LD_RUNPATH_SEARCH_PATHS = "$(inherited) @executable_path/Frameworks";
				PRODUCT_BUNDLE_IDENTIFIER = "JamesTan.UAS-Command";
				PRODUCT_NAME = "$(TARGET_NAME)";
			};
			name = Debug;
		};
		546D91471D80EE8B00777F39 /* Release */ = {
			isa = XCBuildConfiguration;
			buildSettings = {
				ASSETCATALOG_COMPILER_APPICON_NAME = AppIcon;
				INFOPLIST_FILE = "UAS Command/Info.plist";
				LD_RUNPATH_SEARCH_PATHS = "$(inherited) @executable_path/Frameworks";
				PRODUCT_BUNDLE_IDENTIFIER = "JamesTan.UAS-Command";
				PRODUCT_NAME = "$(TARGET_NAME)";
			};
			name = Release;
		};
/* End XCBuildConfiguration section */

/* Begin XCConfigurationList section */
		546D912E1D80EE8B00777F39 /* Build configuration list for PBXProject "UAS Command" */ = {
			isa = XCConfigurationList;
			buildConfigurations = (
				546D91431D80EE8B00777F39 /* Debug */,
				546D91441D80EE8B00777F39 /* Release */,
			);
			defaultConfigurationIsVisible = 0;
			defaultConfigurationName = Release;
		};
		546D91451D80EE8B00777F39 /* Build configuration list for PBXNativeTarget "UAS Command" */ = {
			isa = XCConfigurationList;
			buildConfigurations = (
				546D91461D80EE8B00777F39 /* Debug */,
				546D91471D80EE8B00777F39 /* Release */,
			);
			defaultConfigurationIsVisible = 0;
		};
/* End XCConfigurationList section */
	};
	rootObject = 546D912B1D80EE8B00777F39 /* Project object */;
}
